
Microsoft Visual Studio Solution File, Format Version 12.00
# Visual Studio Version 16
VisualStudioVersion = 16.0.32126.315
MinimumVisualStudioVersion = 10.0.40219.1
Project("{FAE04EC0-301F-11D3-BF4B-00C04F79EFBC}") = "Slide1", "Slide1\Slide1.csproj", "{55338CD6-0A5E-4AB5-B8F3-41A00D390918}"
EndProject
Project("{FAE04EC0-301F-11D3-BF4B-00C04F79EFBC}") = "Slide1_Bai2", "Slide1_Bai2\Slide1_Bai2.csproj", "{1AA73EFB-91DD-450E-AA17-33516701430D}"
EndProject
Project("{FAE04EC0-301F-11D3-BF4B-00C04F79EFBC}") = "Slide1_Bai3", "Slide1_Bai3\Slide1_Bai3.csproj", "{619C3D89-7171-4462-8CC4-25135E20D7E1}"
EndProject
Global
	GlobalSection(SolutionConfigurationPlatforms) = preSolution
		Debug|Any CPU = Debug|Any CPU
		Release|Any CPU = Release|Any CPU
	EndGlobalSection
	GlobalSection(ProjectConfigurationPlatforms) = postSolution
		{55338CD6-0A5E-4AB5-B8F3-41A00D390918}.Debug|Any CPU.ActiveCfg = Debug|Any CPU
		{55338CD6-0A5E-4AB5-B8F3-41A00D390918}.Debug|Any CPU.Build.0 = Debug|Any CPU
		{55338CD6-0A5E-4AB5-B8F3-41A00D390918}.Release|Any CPU.ActiveCfg = Release|Any CPU
		{55338CD6-0A5E-4AB5-B8F3-41A00D390918}.Release|Any CPU.Build.0 = Release|Any CPU
		{1AA73EFB-91DD-450E-AA17-33516701430D}.Debug|Any CPU.ActiveCfg = Debug|Any CPU
		{1AA73EFB-91DD-450E-AA17-33516701430D}.Debug|Any CPU.Build.0 = Debug|Any CPU
		{1AA73EFB-91DD-450E-AA17-33516701430D}.Release|Any CPU.ActiveCfg = Release|Any CPU
		{1AA73EFB-91DD-450E-AA17-33516701430D}.Release|Any CPU.Build.0 = Release|Any CPU
		{619C3D89-7171-4462-8CC4-25135E20D7E1}.Debug|Any CPU.ActiveCfg = Debug|Any CPU
		{619C3D89-7171-4462-8CC4-25135E20D7E1}.Debug|Any CPU.Build.0 = Debug|Any CPU
		{619C3D89-7171-4462-8CC4-25135E20D7E1}.Release|Any CPU.ActiveCfg = Release|Any CPU
		{619C3D89-7171-4462-8CC4-25135E20D7E1}.Release|Any CPU.Build.0 = Release|Any CPU
	EndGlobalSection
	GlobalSection(SolutionProperties) = preSolution
		HideSolutionNode = FALSE
	EndGlobalSection
	GlobalSection(ExtensibilityGlobals) = postSolution
		SolutionGuid = {DE68EDC1-0D7D-43D6-9EB3-A4742DC0D69F}
	EndGlobalSection
EndGlobal
