
Microsoft Visual Studio Solution File, Format Version 12.00
# Visual Studio Version 16
VisualStudioVersion = 16.0.32126.315
MinimumVisualStudioVersion = 10.0.40219.1
Project("{FAE04EC0-301F-11D3-BF4B-00C04F79EFBC}") = "Slide 2", "Slide 2\Slide 2.csproj", "{0D770D8F-1B8F-40F9-B30B-7A9F12725D13}"
EndProject
Project("{FAE04EC0-301F-11D3-BF4B-00C04F79EFBC}") = "Slide 2_Bai2", "Slide 2_Bai2\Slide 2_Bai2.csproj", "{B48760F3-6B61-442A-82B9-E8CE6C345976}"
EndProject
Project("{FAE04EC0-301F-11D3-BF4B-00C04F79EFBC}") = "Slide 2_Bai3", "Slide 2_Bai3\Slide 2_Bai3.csproj", "{52BBB9F6-1241-43E1-846D-D5331BAACA00}"
EndProject
Project("{FAE04EC0-301F-11D3-BF4B-00C04F79EFBC}") = "Slide 2_Bai4", "Slide 2_Bai4\Slide 2_Bai4.csproj", "{DBF1F487-47DA-4789-B685-1DA661C2898C}"
EndProject
Project("{FAE04EC0-301F-11D3-BF4B-00C04F79EFBC}") = "Slide 2_Bai 5", "Slide 2_Bai 5\Slide 2_Bai 5.csproj", "{AB9577EC-8BCB-42A4-A62A-6D4C4D2BD047}"
EndProject
Global
	GlobalSection(SolutionConfigurationPlatforms) = preSolution
		Debug|Any CPU = Debug|Any CPU
		Release|Any CPU = Release|Any CPU
	EndGlobalSection
	GlobalSection(ProjectConfigurationPlatforms) = postSolution
		{0D770D8F-1B8F-40F9-B30B-7A9F12725D13}.Debug|Any CPU.ActiveCfg = Debug|Any CPU
		{0D770D8F-1B8F-40F9-B30B-7A9F12725D13}.Debug|Any CPU.Build.0 = Debug|Any CPU
		{0D770D8F-1B8F-40F9-B30B-7A9F12725D13}.Release|Any CPU.ActiveCfg = Release|Any CPU
		{0D770D8F-1B8F-40F9-B30B-7A9F12725D13}.Release|Any CPU.Build.0 = Release|Any CPU
		{B48760F3-6B61-442A-82B9-E8CE6C345976}.Debug|Any CPU.ActiveCfg = Debug|Any CPU
		{B48760F3-6B61-442A-82B9-E8CE6C345976}.Debug|Any CPU.Build.0 = Debug|Any CPU
		{B48760F3-6B61-442A-82B9-E8CE6C345976}.Release|Any CPU.ActiveCfg = Release|Any CPU
		{B48760F3-6B61-442A-82B9-E8CE6C345976}.Release|Any CPU.Build.0 = Release|Any CPU
		{52BBB9F6-1241-43E1-846D-D5331BAACA00}.Debug|Any CPU.ActiveCfg = Debug|Any CPU
		{52BBB9F6-1241-43E1-846D-D5331BAACA00}.Debug|Any CPU.Build.0 = Debug|Any CPU
		{52BBB9F6-1241-43E1-846D-D5331BAACA00}.Release|Any CPU.ActiveCfg = Release|Any CPU
		{52BBB9F6-1241-43E1-846D-D5331BAACA00}.Release|Any CPU.Build.0 = Release|Any CPU
		{DBF1F487-47DA-4789-B685-1DA661C2898C}.Debug|Any CPU.ActiveCfg = Debug|Any CPU
		{DBF1F487-47DA-4789-B685-1DA661C2898C}.Debug|Any CPU.Build.0 = Debug|Any CPU
		{DBF1F487-47DA-4789-B685-1DA661C2898C}.Release|Any CPU.ActiveCfg = Release|Any CPU
		{DBF1F487-47DA-4789-B685-1DA661C2898C}.Release|Any CPU.Build.0 = Release|Any CPU
		{AB9577EC-8BCB-42A4-A62A-6D4C4D2BD047}.Debug|Any CPU.ActiveCfg = Debug|Any CPU
		{AB9577EC-8BCB-42A4-A62A-6D4C4D2BD047}.Debug|Any CPU.Build.0 = Debug|Any CPU
		{AB9577EC-8BCB-42A4-A62A-6D4C4D2BD047}.Release|Any CPU.ActiveCfg = Release|Any CPU
		{AB9577EC-8BCB-42A4-A62A-6D4C4D2BD047}.Release|Any CPU.Build.0 = Release|Any CPU
	EndGlobalSection
	GlobalSection(SolutionProperties) = preSolution
		HideSolutionNode = FALSE
	EndGlobalSection
	GlobalSection(ExtensibilityGlobals) = postSolution
		SolutionGuid = {BA7E2FF7-84F8-43E0-876E-6C6D9737324F}
	EndGlobalSection
EndGlobal
