
Microsoft Visual Studio Solution File, Format Version 12.00
# Visual Studio Version 16
VisualStudioVersion = 16.0.32126.315
MinimumVisualStudioVersion = 10.0.40219.1
Project("{FAE04EC0-301F-11D3-BF4B-00C04F79EFBC}") = "Slide 6", "Slide 6\Slide 6.csproj", "{FDDD5761-AA77-4763-ADDD-85827B5A02AA}"
EndProject
Project("{FAE04EC0-301F-11D3-BF4B-00C04F79EFBC}") = "Slide 6_Bai 1", "Slide 6_Bai 1\Slide 6_Bai 1.csproj", "{3429BAE0-D11B-450E-8D63-F757F4FABBDE}"
EndProject
Project("{FAE04EC0-301F-11D3-BF4B-00C04F79EFBC}") = "Slide 6_Bai 2", "Slide 6_Bai 2\Slide 6_Bai 2.csproj", "{8AE3FA0D-EDC6-46A9-9A4C-803C16065DF6}"
EndProject
Global
	GlobalSection(SolutionConfigurationPlatforms) = preSolution
		Debug|Any CPU = Debug|Any CPU
		Release|Any CPU = Release|Any CPU
	EndGlobalSection
	GlobalSection(ProjectConfigurationPlatforms) = postSolution
		{FDDD5761-AA77-4763-ADDD-85827B5A02AA}.Debug|Any CPU.ActiveCfg = Debug|Any CPU
		{FDDD5761-AA77-4763-ADDD-85827B5A02AA}.Debug|Any CPU.Build.0 = Debug|Any CPU
		{FDDD5761-AA77-4763-ADDD-85827B5A02AA}.Release|Any CPU.ActiveCfg = Release|Any CPU
		{FDDD5761-AA77-4763-ADDD-85827B5A02AA}.Release|Any CPU.Build.0 = Release|Any CPU
		{3429BAE0-D11B-450E-8D63-F757F4FABBDE}.Debug|Any CPU.ActiveCfg = Debug|Any CPU
		{3429BAE0-D11B-450E-8D63-F757F4FABBDE}.Debug|Any CPU.Build.0 = Debug|Any CPU
		{3429BAE0-D11B-450E-8D63-F757F4FABBDE}.Release|Any CPU.ActiveCfg = Release|Any CPU
		{3429BAE0-D11B-450E-8D63-F757F4FABBDE}.Release|Any CPU.Build.0 = Release|Any CPU
		{8AE3FA0D-EDC6-46A9-9A4C-803C16065DF6}.Debug|Any CPU.ActiveCfg = Debug|Any CPU
		{8AE3FA0D-EDC6-46A9-9A4C-803C16065DF6}.Debug|Any CPU.Build.0 = Debug|Any CPU
		{8AE3FA0D-EDC6-46A9-9A4C-803C16065DF6}.Release|Any CPU.ActiveCfg = Release|Any CPU
		{8AE3FA0D-EDC6-46A9-9A4C-803C16065DF6}.Release|Any CPU.Build.0 = Release|Any CPU
	EndGlobalSection
	GlobalSection(SolutionProperties) = preSolution
		HideSolutionNode = FALSE
	EndGlobalSection
	GlobalSection(ExtensibilityGlobals) = postSolution
		SolutionGuid = {599E460E-2E42-416B-812C-66484B93C7D3}
	EndGlobalSection
EndGlobal
